
Microsoft Visual Studio Solution File, Format Version 12.00
# Visual Studio Version 17
VisualStudioVersion = 17.14.36109.1 d17.14
MinimumVisualStudioVersion = 10.0.40219.1
Project("{FAE04EC0-301F-11D3-BF4B-00C04F79EFBC}") = "ScoringApp", "ScoringApp.csproj", "{700F7187-8356-4B32-9883-493659C87B00}"
EndProject
Global
	GlobalSection(SolutionConfigurationPlatforms) = preSolution
		Debug|Any CPU = Debug|Any CPU
		Release|Any CPU = Release|Any CPU
	EndGlobalSection
	GlobalSection(ProjectConfigurationPlatforms) = postSolution
		{700F7187-8356-4B32-9883-493659C87B00}.Debug|Any CPU.ActiveCfg = Debug|Any CPU
		{700F7187-8356-4B32-9883-493659C87B00}.Debug|Any CPU.Build.0 = Debug|Any CPU
		{700F7187-8356-4B32-9883-493659C87B00}.Release|Any CPU.ActiveCfg = Release|Any CPU
		{700F7187-8356-4B32-9883-493659C87B00}.Release|Any CPU.Build.0 = Release|Any CPU
	EndGlobalSection
	GlobalSection(SolutionProperties) = preSolution
		HideSolutionNode = FALSE
	EndGlobalSection
	GlobalSection(ExtensibilityGlobals) = postSolution
		SolutionGuid = {1EED58D5-2622-497B-AB99-CE0246B2CD1A}
	EndGlobalSection
EndGlobal
